{
  "requires": true,
  "lockfileVersion": 1,
  "dependencies": {
    "angular-resource": {
      "version": "1.7.0",
      "resolved": "https://registry.npmjs.org/angular-resource/-/angular-resource-1.7.0.tgz",
      "integrity": "sha512-qqblbpS3bZmSEz0Bf4HfjhT2BH1GqS5eodtJu8Clp1qOHEz8o8Ggd782Vb7aZ+8TPFeKMRYCwZBOQZNALKFm6w=="
    },
    "atoa": {
      "version": "1.0.0",
      "resolved": "https://registry.npmjs.org/atoa/-/atoa-1.0.0.tgz",
      "integrity": "sha1-DMDpGkgOc4+SPrwQNnZHF3mzSkk="
    },
    "contra": {
      "version": "1.9.4",
      "resolved": "https://registry.npmjs.org/contra/-/contra-1.9.4.tgz",
      "integrity": "sha1-9TveQtfltZhcrk2ZqNYQUm3o8o0=",
      "requires": {
        "atoa": "1.0.0",
        "ticky": "1.0.1"
      }
    },
    "crossvent": {
      "version": "1.5.4",
      "resolved": "https://registry.npmjs.org/crossvent/-/crossvent-1.5.4.tgz",
      "integrity": "sha1-2ixPj0DJR4JRe/K+7BBEFIGUq5I=",
      "requires": {
        "custom-event": "1.0.0"
      }
    },
    "custom-event": {
      "version": "1.0.0",
      "resolved": "https://registry.npmjs.org/custom-event/-/custom-event-1.0.0.tgz",
      "integrity": "sha1-LkYovhncSyFLXAJjDFlx6BFhgGI="
    },
    "dragula": {
      "version": "3.7.2",
      "resolved": "https://registry.npmjs.org/dragula/-/dragula-3.7.2.tgz",
      "integrity": "sha1-SjXJ05gf+sGpScKcpyhQWOhzk84=",
      "requires": {
        "contra": "1.9.4",
        "crossvent": "1.5.4"
      }
    },
    "ng2-dnd": {
      "version": "5.0.2",
      "resolved": "https://registry.npmjs.org/ng2-dnd/-/ng2-dnd-5.0.2.tgz",
      "integrity": "sha512-5mWWBePwvEPsNd/HkdbD543Q9mPyJofL6zkNydl8/Ah3qrrvZT2DaEPbknY08OgkXpI2qUGksc01OzzVlRQ9dQ=="
    },
    "ng2-dragula": {
      "version": "1.5.0",
      "resolved": "https://registry.npmjs.org/ng2-dragula/-/ng2-dragula-1.5.0.tgz",
      "integrity": "sha512-uSVq66Rv+ZhDLBGYCGZ7mTaseP7rvYJOijiQZlzfy8dxL614Sw7rhtnLqvK8nqa3tI/wVv8CEGZaZkMnWJokwQ==",
      "requires": {
        "dragula": "^3.7.2"
      }
    },
    "ticky": {
      "version": "1.0.1",
      "resolved": "https://registry.npmjs.org/ticky/-/ticky-1.0.1.tgz",
      "integrity": "sha1-t8+nHnaPHJAAxJe5FRswlHxQ5G0="
    }
  }
}
